
Microsoft Visual Studio Solution File, Format Version 12.00
# Visual Studio Version 17
VisualStudioVersion = 17.2.32616.157
MinimumVisualStudioVersion = 10.0.40219.1
Project("{FAE04EC0-301F-11D3-BF4B-00C04F79EFBC}") = "PruebaGit", "PruebaGit\PruebaGit.csproj", "{2A390A35-0238-4830-A405-50D031D5E319}"
EndProject
Global
	GlobalSection(SolutionConfigurationPlatforms) = preSolution
		Debug|Any CPU = Debug|Any CPU
		Release|Any CPU = Release|Any CPU
	EndGlobalSection
	GlobalSection(ProjectConfigurationPlatforms) = postSolution
		{2A390A35-0238-4830-A405-50D031D5E319}.Debug|Any CPU.ActiveCfg = Debug|Any CPU
		{2A390A35-0238-4830-A405-50D031D5E319}.Debug|Any CPU.Build.0 = Debug|Any CPU
		{2A390A35-0238-4830-A405-50D031D5E319}.Release|Any CPU.ActiveCfg = Release|Any CPU
		{2A390A35-0238-4830-A405-50D031D5E319}.Release|Any CPU.Build.0 = Release|Any CPU
	EndGlobalSection
	GlobalSection(SolutionProperties) = preSolution
		HideSolutionNode = FALSE
	EndGlobalSection
	GlobalSection(ExtensibilityGlobals) = postSolution
		SolutionGuid = {CC93AE96-13A9-4E3E-931D-957EA16816EF}
	EndGlobalSection
EndGlobal
